
Microsoft Visual Studio Solution File, Format Version 12.00
# Visual Studio 15
VisualStudioVersion = 15.0.28010.2019
MinimumVisualStudioVersion = 10.0.40219.1
Project("{FAE04EC0-301F-11D3-BF4B-00C04F79EFBC}") = "LINQtoSQL", "LINQtoSQL\LINQtoSQL.csproj", "{A0F7E80F-2CAF-4522-804D-C620E5A1E1CD}"
EndProject
Global
	GlobalSection(SolutionConfigurationPlatforms) = preSolution
		Debug|Any CPU = Debug|Any CPU
		Release|Any CPU = Release|Any CPU
	EndGlobalSection
	GlobalSection(ProjectConfigurationPlatforms) = postSolution
		{A0F7E80F-2CAF-4522-804D-C620E5A1E1CD}.Debug|Any CPU.ActiveCfg = Debug|Any CPU
		{A0F7E80F-2CAF-4522-804D-C620E5A1E1CD}.Debug|Any CPU.Build.0 = Debug|Any CPU
		{A0F7E80F-2CAF-4522-804D-C620E5A1E1CD}.Release|Any CPU.ActiveCfg = Release|Any CPU
		{A0F7E80F-2CAF-4522-804D-C620E5A1E1CD}.Release|Any CPU.Build.0 = Release|Any CPU
	EndGlobalSection
	GlobalSection(SolutionProperties) = preSolution
		HideSolutionNode = FALSE
	EndGlobalSection
	GlobalSection(ExtensibilityGlobals) = postSolution
		SolutionGuid = {49719212-17EF-4BC1-951D-9B05979E5542}
	EndGlobalSection
EndGlobal
